
Microsoft Visual Studio Solution File, Format Version 12.00
# Visual Studio Version 16
VisualStudioVersion = 16.0.30413.136
MinimumVisualStudioVersion = 10.0.40219.1
Project("{FAE04EC0-301F-11D3-BF4B-00C04F79EFBC}") = "sortString", "sortString\sortString.csproj", "{38FAEAB2-F895-49EF-BB03-2E93CA136DC4}"
EndProject
Project("{FAE04EC0-301F-11D3-BF4B-00C04F79EFBC}") = "sortString.Library", "sortString.Library\sortString.Library.csproj", "{07BB8AD2-E5BC-4548-A4BC-EA7222C95F47}"
EndProject
Project("{FAE04EC0-301F-11D3-BF4B-00C04F79EFBC}") = "sortString.Library.Tests", "sortString.Library.Tests\sortString.Library.Tests.csproj", "{F6839CAF-8573-4998-8DB6-D43D9E50DA6B}"
EndProject
Project("{FAE04EC0-301F-11D3-BF4B-00C04F79EFBC}") = "gameOfLife", "gameOfLife\gameOfLife.csproj", "{75477AB3-5BD1-4CB1-9C35-31D123A38047}"
EndProject
Project("{FAE04EC0-301F-11D3-BF4B-00C04F79EFBC}") = "gameOfLife.Library", "gameOfLife.Library\gameOfLife.Library.csproj", "{F65C53B4-3B6C-4DAA-AF67-8F37B2D34A2D}"
EndProject
Project("{FAE04EC0-301F-11D3-BF4B-00C04F79EFBC}") = "gameOfLife.Tests", "gameOfLife.Tests\gameOfLife.Tests.csproj", "{C00A2A1A-5881-490B-8DC1-32D54AB2C7CF}"
EndProject
Global
	GlobalSection(SolutionConfigurationPlatforms) = preSolution
		Debug|Any CPU = Debug|Any CPU
		Release|Any CPU = Release|Any CPU
	EndGlobalSection
	GlobalSection(ProjectConfigurationPlatforms) = postSolution
		{38FAEAB2-F895-49EF-BB03-2E93CA136DC4}.Debug|Any CPU.ActiveCfg = Debug|Any CPU
		{38FAEAB2-F895-49EF-BB03-2E93CA136DC4}.Debug|Any CPU.Build.0 = Debug|Any CPU
		{38FAEAB2-F895-49EF-BB03-2E93CA136DC4}.Release|Any CPU.ActiveCfg = Release|Any CPU
		{38FAEAB2-F895-49EF-BB03-2E93CA136DC4}.Release|Any CPU.Build.0 = Release|Any CPU
		{07BB8AD2-E5BC-4548-A4BC-EA7222C95F47}.Debug|Any CPU.ActiveCfg = Debug|Any CPU
		{07BB8AD2-E5BC-4548-A4BC-EA7222C95F47}.Debug|Any CPU.Build.0 = Debug|Any CPU
		{07BB8AD2-E5BC-4548-A4BC-EA7222C95F47}.Release|Any CPU.ActiveCfg = Release|Any CPU
		{07BB8AD2-E5BC-4548-A4BC-EA7222C95F47}.Release|Any CPU.Build.0 = Release|Any CPU
		{F6839CAF-8573-4998-8DB6-D43D9E50DA6B}.Debug|Any CPU.ActiveCfg = Debug|Any CPU
		{F6839CAF-8573-4998-8DB6-D43D9E50DA6B}.Debug|Any CPU.Build.0 = Debug|Any CPU
		{F6839CAF-8573-4998-8DB6-D43D9E50DA6B}.Release|Any CPU.ActiveCfg = Release|Any CPU
		{F6839CAF-8573-4998-8DB6-D43D9E50DA6B}.Release|Any CPU.Build.0 = Release|Any CPU
		{75477AB3-5BD1-4CB1-9C35-31D123A38047}.Debug|Any CPU.ActiveCfg = Debug|Any CPU
		{75477AB3-5BD1-4CB1-9C35-31D123A38047}.Debug|Any CPU.Build.0 = Debug|Any CPU
		{75477AB3-5BD1-4CB1-9C35-31D123A38047}.Release|Any CPU.ActiveCfg = Release|Any CPU
		{75477AB3-5BD1-4CB1-9C35-31D123A38047}.Release|Any CPU.Build.0 = Release|Any CPU
		{F65C53B4-3B6C-4DAA-AF67-8F37B2D34A2D}.Debug|Any CPU.ActiveCfg = Debug|Any CPU
		{F65C53B4-3B6C-4DAA-AF67-8F37B2D34A2D}.Debug|Any CPU.Build.0 = Debug|Any CPU
		{F65C53B4-3B6C-4DAA-AF67-8F37B2D34A2D}.Release|Any CPU.ActiveCfg = Release|Any CPU
		{F65C53B4-3B6C-4DAA-AF67-8F37B2D34A2D}.Release|Any CPU.Build.0 = Release|Any CPU
		{C00A2A1A-5881-490B-8DC1-32D54AB2C7CF}.Debug|Any CPU.ActiveCfg = Debug|Any CPU
		{C00A2A1A-5881-490B-8DC1-32D54AB2C7CF}.Debug|Any CPU.Build.0 = Debug|Any CPU
		{C00A2A1A-5881-490B-8DC1-32D54AB2C7CF}.Release|Any CPU.ActiveCfg = Release|Any CPU
		{C00A2A1A-5881-490B-8DC1-32D54AB2C7CF}.Release|Any CPU.Build.0 = Release|Any CPU
	EndGlobalSection
	GlobalSection(SolutionProperties) = preSolution
		HideSolutionNode = FALSE
	EndGlobalSection
	GlobalSection(ExtensibilityGlobals) = postSolution
		SolutionGuid = {CE011367-728E-46E2-939E-D9BEB2AF4CC0}
	EndGlobalSection
EndGlobal
